
Microsoft Visual Studio Solution File, Format Version 12.00
# Visual Studio 15
VisualStudioVersion = 15.0.26124.0
MinimumVisualStudioVersion = 15.0.26124.0
Project("{9A19103F-16F7-4668-BE54-9A1E7A4F7556}") = "Assignment4", "Assignment4\Assignment4.csproj", "{85621591-86D9-4D6B-8287-204505102E3C}"
EndProject
Project("{9A19103F-16F7-4668-BE54-9A1E7A4F7556}") = "Assignment4.Tests", "Assignment4.Tests\Assignment4.Tests.csproj", "{8889FD0F-6D70-4795-8274-ED67D0559BA4}"
EndProject
Project("{9A19103F-16F7-4668-BE54-9A1E7A4F7556}") = "Assignment5", "Assignment5\Assignment5.csproj", "{9B8BF4A3-B7B9-41D7-97DB-3DA0ACDA5ECA}"
EndProject
Project("{FAE04EC0-301F-11D3-BF4B-00C04F79EFBC}") = "Assignment5.Tests", "Assignment5.Tests\Assignment5.Tests.csproj", "{31B64B0C-21CA-4ECB-9043-0C9F635DFF8F}"
EndProject
Global
	GlobalSection(SolutionConfigurationPlatforms) = preSolution
		Debug|Any CPU = Debug|Any CPU
		Debug|x64 = Debug|x64
		Debug|x86 = Debug|x86
		Release|Any CPU = Release|Any CPU
		Release|x64 = Release|x64
		Release|x86 = Release|x86
	EndGlobalSection
	GlobalSection(ProjectConfigurationPlatforms) = postSolution
		{85621591-86D9-4D6B-8287-204505102E3C}.Debug|Any CPU.ActiveCfg = Debug|Any CPU
		{85621591-86D9-4D6B-8287-204505102E3C}.Debug|Any CPU.Build.0 = Debug|Any CPU
		{85621591-86D9-4D6B-8287-204505102E3C}.Debug|x64.ActiveCfg = Debug|Any CPU
		{85621591-86D9-4D6B-8287-204505102E3C}.Debug|x64.Build.0 = Debug|Any CPU
		{85621591-86D9-4D6B-8287-204505102E3C}.Debug|x86.ActiveCfg = Debug|Any CPU
		{85621591-86D9-4D6B-8287-204505102E3C}.Debug|x86.Build.0 = Debug|Any CPU
		{85621591-86D9-4D6B-8287-204505102E3C}.Release|Any CPU.ActiveCfg = Release|Any CPU
		{85621591-86D9-4D6B-8287-204505102E3C}.Release|Any CPU.Build.0 = Release|Any CPU
		{85621591-86D9-4D6B-8287-204505102E3C}.Release|x64.ActiveCfg = Release|Any CPU
		{85621591-86D9-4D6B-8287-204505102E3C}.Release|x64.Build.0 = Release|Any CPU
		{85621591-86D9-4D6B-8287-204505102E3C}.Release|x86.ActiveCfg = Release|Any CPU
		{85621591-86D9-4D6B-8287-204505102E3C}.Release|x86.Build.0 = Release|Any CPU
		{8889FD0F-6D70-4795-8274-ED67D0559BA4}.Debug|Any CPU.ActiveCfg = Debug|Any CPU
		{8889FD0F-6D70-4795-8274-ED67D0559BA4}.Debug|Any CPU.Build.0 = Debug|Any CPU
		{8889FD0F-6D70-4795-8274-ED67D0559BA4}.Debug|x64.ActiveCfg = Debug|Any CPU
		{8889FD0F-6D70-4795-8274-ED67D0559BA4}.Debug|x64.Build.0 = Debug|Any CPU
		{8889FD0F-6D70-4795-8274-ED67D0559BA4}.Debug|x86.ActiveCfg = Debug|Any CPU
		{8889FD0F-6D70-4795-8274-ED67D0559BA4}.Debug|x86.Build.0 = Debug|Any CPU
		{8889FD0F-6D70-4795-8274-ED67D0559BA4}.Release|Any CPU.ActiveCfg = Release|Any CPU
		{8889FD0F-6D70-4795-8274-ED67D0559BA4}.Release|Any CPU.Build.0 = Release|Any CPU
		{8889FD0F-6D70-4795-8274-ED67D0559BA4}.Release|x64.ActiveCfg = Release|Any CPU
		{8889FD0F-6D70-4795-8274-ED67D0559BA4}.Release|x64.Build.0 = Release|Any CPU
		{8889FD0F-6D70-4795-8274-ED67D0559BA4}.Release|x86.ActiveCfg = Release|Any CPU
		{8889FD0F-6D70-4795-8274-ED67D0559BA4}.Release|x86.Build.0 = Release|Any CPU
		{9B8BF4A3-B7B9-41D7-97DB-3DA0ACDA5ECA}.Debug|Any CPU.ActiveCfg = Debug|Any CPU
		{9B8BF4A3-B7B9-41D7-97DB-3DA0ACDA5ECA}.Debug|Any CPU.Build.0 = Debug|Any CPU
		{9B8BF4A3-B7B9-41D7-97DB-3DA0ACDA5ECA}.Debug|x64.ActiveCfg = Debug|Any CPU
		{9B8BF4A3-B7B9-41D7-97DB-3DA0ACDA5ECA}.Debug|x64.Build.0 = Debug|Any CPU
		{9B8BF4A3-B7B9-41D7-97DB-3DA0ACDA5ECA}.Debug|x86.ActiveCfg = Debug|Any CPU
		{9B8BF4A3-B7B9-41D7-97DB-3DA0ACDA5ECA}.Debug|x86.Build.0 = Debug|Any CPU
		{9B8BF4A3-B7B9-41D7-97DB-3DA0ACDA5ECA}.Release|Any CPU.ActiveCfg = Release|Any CPU
		{9B8BF4A3-B7B9-41D7-97DB-3DA0ACDA5ECA}.Release|Any CPU.Build.0 = Release|Any CPU
		{9B8BF4A3-B7B9-41D7-97DB-3DA0ACDA5ECA}.Release|x64.ActiveCfg = Release|Any CPU
		{9B8BF4A3-B7B9-41D7-97DB-3DA0ACDA5ECA}.Release|x64.Build.0 = Release|Any CPU
		{9B8BF4A3-B7B9-41D7-97DB-3DA0ACDA5ECA}.Release|x86.ActiveCfg = Release|Any CPU
		{9B8BF4A3-B7B9-41D7-97DB-3DA0ACDA5ECA}.Release|x86.Build.0 = Release|Any CPU
		{31B64B0C-21CA-4ECB-9043-0C9F635DFF8F}.Debug|Any CPU.ActiveCfg = Debug|Any CPU
		{31B64B0C-21CA-4ECB-9043-0C9F635DFF8F}.Debug|Any CPU.Build.0 = Debug|Any CPU
		{31B64B0C-21CA-4ECB-9043-0C9F635DFF8F}.Debug|x64.ActiveCfg = Debug|Any CPU
		{31B64B0C-21CA-4ECB-9043-0C9F635DFF8F}.Debug|x64.Build.0 = Debug|Any CPU
		{31B64B0C-21CA-4ECB-9043-0C9F635DFF8F}.Debug|x86.ActiveCfg = Debug|Any CPU
		{31B64B0C-21CA-4ECB-9043-0C9F635DFF8F}.Debug|x86.Build.0 = Debug|Any CPU
		{31B64B0C-21CA-4ECB-9043-0C9F635DFF8F}.Release|Any CPU.ActiveCfg = Release|Any CPU
		{31B64B0C-21CA-4ECB-9043-0C9F635DFF8F}.Release|Any CPU.Build.0 = Release|Any CPU
		{31B64B0C-21CA-4ECB-9043-0C9F635DFF8F}.Release|x64.ActiveCfg = Release|Any CPU
		{31B64B0C-21CA-4ECB-9043-0C9F635DFF8F}.Release|x64.Build.0 = Release|Any CPU
		{31B64B0C-21CA-4ECB-9043-0C9F635DFF8F}.Release|x86.ActiveCfg = Release|Any CPU
		{31B64B0C-21CA-4ECB-9043-0C9F635DFF8F}.Release|x86.Build.0 = Release|Any CPU
	EndGlobalSection
	GlobalSection(SolutionProperties) = preSolution
		HideSolutionNode = FALSE
	EndGlobalSection
	GlobalSection(ExtensibilityGlobals) = postSolution
		SolutionGuid = {EBD49CAD-96D7-4A71-B5C8-B8C8B96DFC99}
	EndGlobalSection
EndGlobal
