
Microsoft Visual Studio Solution File, Format Version 12.00
# Visual Studio 15
VisualStudioVersion = 15.0.28010.2026
MinimumVisualStudioVersion = 10.0.40219.1
Project("{9A19103F-16F7-4668-BE54-9A1E7A4F7556}") = "Assignment4", "Assignment4\Assignment4.csproj", "{4E07ACD8-1D0B-45B1-A437-E2E08B53CBA0}"
EndProject
Project("{FAE04EC0-301F-11D3-BF4B-00C04F79EFBC}") = "Assignment4.Tests", "Event.Tests\Assignment4.Tests.csproj", "{F423494F-FAFB-4924-8369-06A897683F9E}"
EndProject
Project("{FAE04EC0-301F-11D3-BF4B-00C04F79EFBC}") = "Assignment4.Tests", "Assignment4.Tests\Assignment4.Tests.csproj", "{E8BA8880-A29C-40CB-B81F-278E7ED0A95E}"
EndProject
Global
	GlobalSection(SolutionConfigurationPlatforms) = preSolution
		Debug|Any CPU = Debug|Any CPU
		Release|Any CPU = Release|Any CPU
	EndGlobalSection
	GlobalSection(ProjectConfigurationPlatforms) = postSolution
		{4E07ACD8-1D0B-45B1-A437-E2E08B53CBA0}.Debug|Any CPU.ActiveCfg = Debug|Any CPU
		{4E07ACD8-1D0B-45B1-A437-E2E08B53CBA0}.Debug|Any CPU.Build.0 = Debug|Any CPU
		{4E07ACD8-1D0B-45B1-A437-E2E08B53CBA0}.Release|Any CPU.ActiveCfg = Release|Any CPU
		{4E07ACD8-1D0B-45B1-A437-E2E08B53CBA0}.Release|Any CPU.Build.0 = Release|Any CPU
		{F423494F-FAFB-4924-8369-06A897683F9E}.Debug|Any CPU.ActiveCfg = Debug|Any CPU
		{F423494F-FAFB-4924-8369-06A897683F9E}.Debug|Any CPU.Build.0 = Debug|Any CPU
		{F423494F-FAFB-4924-8369-06A897683F9E}.Release|Any CPU.ActiveCfg = Release|Any CPU
		{F423494F-FAFB-4924-8369-06A897683F9E}.Release|Any CPU.Build.0 = Release|Any CPU
		{E8BA8880-A29C-40CB-B81F-278E7ED0A95E}.Debug|Any CPU.ActiveCfg = Debug|Any CPU
		{E8BA8880-A29C-40CB-B81F-278E7ED0A95E}.Debug|Any CPU.Build.0 = Debug|Any CPU
		{E8BA8880-A29C-40CB-B81F-278E7ED0A95E}.Release|Any CPU.ActiveCfg = Release|Any CPU
		{E8BA8880-A29C-40CB-B81F-278E7ED0A95E}.Release|Any CPU.Build.0 = Release|Any CPU
	EndGlobalSection
	GlobalSection(SolutionProperties) = preSolution
		HideSolutionNode = FALSE
	EndGlobalSection
	GlobalSection(ExtensibilityGlobals) = postSolution
		SolutionGuid = {A846CDD2-027B-4DB9-9551-246C28EE3218}
	EndGlobalSection
EndGlobal
